<?xml version="1.0" encoding="UTF-8" standalone="yes" ?>
<CodeBlocks_project_file>
	<FileVersion major="1" minor="6" />
	<Project>
		<Option title="Матрицы" />
		<Option pch_mode="2" />
		<Option compiler="gcc" />
		<Build>
			<Target title="Debug">
				<Option output="bin/Debug/Матрицы" prefix_auto="1" extension_auto="1" />
				<Option object_output="obj/Debug/" />
				<Option type="1" />
				<Option compiler="gcc" />
				<Compiler>
					<Add option="-g" />
				</Compiler>
			</Target>
			<Target title="Release">
				<Option output="bin/Release/Матрицы" prefix_auto="1" extension_auto="1" />
				<Option object_output="obj/Release/" />
				<Option type="1" />
				<Option compiler="gcc" />
				<Compiler>
					<Add option="-O2" />
				</Compiler>
				<Linker>
					<Add option="-s" />
				</Linker>
			</Target>
		</Build>
		<Compiler>
			<Add option="-Wall" />
		</Compiler>
		<Unit filename="Gauss.c">
			<Option compilerVar="CC" />
		</Unit>
		<Unit filename="Gauss.h" />
		<Unit filename="MatrixExp.c">
			<Option compilerVar="CC" />
		</Unit>
		<Unit filename="MatrixExp.h" />
		<Unit filename="MatrixNorma.c">
			<Option compilerVar="CC" />
		</Unit>
		<Unit filename="MatrixNorma.h" />
		<Unit filename="main.c">
			<Option compilerVar="CC" />
		</Unit>
		<Unit filename="operationsmatrix.c">
			<Option compilerVar="CC" />
		</Unit>
		<Unit filename="operationsmatrix.h" />
		<Unit filename="structmatrix.c">
			<Option compilerVar="CC" />
		</Unit>
		<Unit filename="structmatrix.h" />
		<Extensions>
			<lib_finder disable_auto="1" />
		</Extensions>
	</Project>
</CodeBlocks_project_file>
